
Microsoft Visual Studio Solution File, Format Version 12.00
# Visual Studio Version 17
VisualStudioVersion = 17.14.36127.28 d17.14
MinimumVisualStudioVersion = 10.0.40219.1
Project("{8BC9CEB8-8B4A-11D0-8D11-00A0C91BC942}") = "FinalProgram", "FinalProgram.vcxproj", "{6013145C-6A73-4A34-9E24-1EBC59F5ED93}"
EndProject
Global
	GlobalSection(SolutionConfigurationPlatforms) = preSolution
		Debug|x64 = Debug|x64
		Debug|x86 = Debug|x86
		Release|x64 = Release|x64
		Release|x86 = Release|x86
	EndGlobalSection
	GlobalSection(ProjectConfigurationPlatforms) = postSolution
		{6013145C-6A73-4A34-9E24-1EBC59F5ED93}.Debug|x64.ActiveCfg = Debug|x64
		{6013145C-6A73-4A34-9E24-1EBC59F5ED93}.Debug|x64.Build.0 = Debug|x64
		{6013145C-6A73-4A34-9E24-1EBC59F5ED93}.Debug|x86.ActiveCfg = Debug|Win32
		{6013145C-6A73-4A34-9E24-1EBC59F5ED93}.Debug|x86.Build.0 = Debug|Win32
		{6013145C-6A73-4A34-9E24-1EBC59F5ED93}.Release|x64.ActiveCfg = Release|x64
		{6013145C-6A73-4A34-9E24-1EBC59F5ED93}.Release|x64.Build.0 = Release|x64
		{6013145C-6A73-4A34-9E24-1EBC59F5ED93}.Release|x86.ActiveCfg = Release|Win32
		{6013145C-6A73-4A34-9E24-1EBC59F5ED93}.Release|x86.Build.0 = Release|Win32
	EndGlobalSection
	GlobalSection(SolutionProperties) = preSolution
		HideSolutionNode = FALSE
	EndGlobalSection
	GlobalSection(ExtensibilityGlobals) = postSolution
		SolutionGuid = {F0F754CD-278F-46D5-9A61-DC143D976393}
	EndGlobalSection
EndGlobal
